
Microsoft Visual Studio Solution File, Format Version 12.00
# Visual Studio Version 17
VisualStudioVersion = 17.6.33829.357
MinimumVisualStudioVersion = 10.0.40219.1
Project("{9A19103F-16F7-4668-BE54-9A1E7A4F7556}") = "Catalog.API", "Catalog.API\Catalog.API.csproj", "{45A9501A-D227-4E03-B888-A57A86DD63BE}"
EndProject
Project("{9A19103F-16F7-4668-BE54-9A1E7A4F7556}") = "Catalog.Domain", "Catalog.Domain\Catalog.Domain.csproj", "{F55E1E88-429A-4A34-9D5C-861B58537BDB}"
EndProject
Project("{9A19103F-16F7-4668-BE54-9A1E7A4F7556}") = "Catalog.DataAccessLayer", "Catalog.DAL\Catalog.DataAccessLayer.csproj", "{714AE22F-1FC8-421E-B6A3-387F5AA39FEC}"
EndProject
Project("{9A19103F-16F7-4668-BE54-9A1E7A4F7556}") = "Catalog.Application", "Catalog.Application\Catalog.Application.csproj", "{A16AB501-9E41-45C1-9885-627146869EC5}"
EndProject
Project("{9A19103F-16F7-4668-BE54-9A1E7A4F7556}") = "Catalog.DataAccessLayer.EFCore", "Catalog.DataAccessLayer.EFCore\Catalog.DataAccessLayer.EFCore.csproj", "{00FB43B1-161A-48C5-BE9A-5D2CFB49559D}"
EndProject
Project("{9A19103F-16F7-4668-BE54-9A1E7A4F7556}") = "Catalog.Shared", "Catalog.Shared\Catalog.Shared.csproj", "{DDBA7FCE-626A-4611-B1FA-F60574A74358}"
EndProject
Project("{FAE04EC0-301F-11D3-BF4B-00C04F79EFBC}") = "Catalog.Kafka.Client", "Kafka.Client\Catalog.Kafka.Client.csproj", "{5725DCE6-75BB-4EA0-B197-2F6FFBE26118}"
EndProject
Global
	GlobalSection(SolutionConfigurationPlatforms) = preSolution
		Debug|Any CPU = Debug|Any CPU
		Release|Any CPU = Release|Any CPU
	EndGlobalSection
	GlobalSection(ProjectConfigurationPlatforms) = postSolution
		{45A9501A-D227-4E03-B888-A57A86DD63BE}.Debug|Any CPU.ActiveCfg = Debug|Any CPU
		{45A9501A-D227-4E03-B888-A57A86DD63BE}.Debug|Any CPU.Build.0 = Debug|Any CPU
		{45A9501A-D227-4E03-B888-A57A86DD63BE}.Release|Any CPU.ActiveCfg = Release|Any CPU
		{45A9501A-D227-4E03-B888-A57A86DD63BE}.Release|Any CPU.Build.0 = Release|Any CPU
		{F55E1E88-429A-4A34-9D5C-861B58537BDB}.Debug|Any CPU.ActiveCfg = Debug|Any CPU
		{F55E1E88-429A-4A34-9D5C-861B58537BDB}.Debug|Any CPU.Build.0 = Debug|Any CPU
		{F55E1E88-429A-4A34-9D5C-861B58537BDB}.Release|Any CPU.ActiveCfg = Release|Any CPU
		{F55E1E88-429A-4A34-9D5C-861B58537BDB}.Release|Any CPU.Build.0 = Release|Any CPU
		{714AE22F-1FC8-421E-B6A3-387F5AA39FEC}.Debug|Any CPU.ActiveCfg = Debug|Any CPU
		{714AE22F-1FC8-421E-B6A3-387F5AA39FEC}.Debug|Any CPU.Build.0 = Debug|Any CPU
		{714AE22F-1FC8-421E-B6A3-387F5AA39FEC}.Release|Any CPU.ActiveCfg = Release|Any CPU
		{714AE22F-1FC8-421E-B6A3-387F5AA39FEC}.Release|Any CPU.Build.0 = Release|Any CPU
		{A16AB501-9E41-45C1-9885-627146869EC5}.Debug|Any CPU.ActiveCfg = Debug|Any CPU
		{A16AB501-9E41-45C1-9885-627146869EC5}.Debug|Any CPU.Build.0 = Debug|Any CPU
		{A16AB501-9E41-45C1-9885-627146869EC5}.Release|Any CPU.ActiveCfg = Release|Any CPU
		{A16AB501-9E41-45C1-9885-627146869EC5}.Release|Any CPU.Build.0 = Release|Any CPU
		{00FB43B1-161A-48C5-BE9A-5D2CFB49559D}.Debug|Any CPU.ActiveCfg = Debug|Any CPU
		{00FB43B1-161A-48C5-BE9A-5D2CFB49559D}.Debug|Any CPU.Build.0 = Debug|Any CPU
		{00FB43B1-161A-48C5-BE9A-5D2CFB49559D}.Release|Any CPU.ActiveCfg = Release|Any CPU
		{00FB43B1-161A-48C5-BE9A-5D2CFB49559D}.Release|Any CPU.Build.0 = Release|Any CPU
		{DDBA7FCE-626A-4611-B1FA-F60574A74358}.Debug|Any CPU.ActiveCfg = Debug|Any CPU
		{DDBA7FCE-626A-4611-B1FA-F60574A74358}.Debug|Any CPU.Build.0 = Debug|Any CPU
		{DDBA7FCE-626A-4611-B1FA-F60574A74358}.Release|Any CPU.ActiveCfg = Release|Any CPU
		{DDBA7FCE-626A-4611-B1FA-F60574A74358}.Release|Any CPU.Build.0 = Release|Any CPU
		{5725DCE6-75BB-4EA0-B197-2F6FFBE26118}.Debug|Any CPU.ActiveCfg = Debug|Any CPU
		{5725DCE6-75BB-4EA0-B197-2F6FFBE26118}.Debug|Any CPU.Build.0 = Debug|Any CPU
		{5725DCE6-75BB-4EA0-B197-2F6FFBE26118}.Release|Any CPU.ActiveCfg = Release|Any CPU
		{5725DCE6-75BB-4EA0-B197-2F6FFBE26118}.Release|Any CPU.Build.0 = Release|Any CPU
	EndGlobalSection
	GlobalSection(SolutionProperties) = preSolution
		HideSolutionNode = FALSE
	EndGlobalSection
	GlobalSection(ExtensibilityGlobals) = postSolution
		SolutionGuid = {14412539-6D5C-4748-9B21-269F2F70556C}
	EndGlobalSection
EndGlobal
