
Microsoft Visual Studio Solution File, Format Version 12.00
# Visual Studio Version 17
VisualStudioVersion = 17.6.33829.357
MinimumVisualStudioVersion = 10.0.40219.1
Project("{9A19103F-16F7-4668-BE54-9A1E7A4F7556}") = "Carting.API", "Carting.API\Carting.API.csproj", "{45A9501A-D227-4E03-B888-A57A86DD63BE}"
EndProject
Project("{9A19103F-16F7-4668-BE54-9A1E7A4F7556}") = "Catalog.Domain", "Carting.Domain\Catalog.Domain.csproj", "{F55E1E88-429A-4A34-9D5C-861B58537BDB}"
EndProject
Project("{9A19103F-16F7-4668-BE54-9A1E7A4F7556}") = "Catalog.DataAccessLayer", "Carting.DAL\Catalog.DataAccessLayer.csproj", "{714AE22F-1FC8-421E-B6A3-387F5AA39FEC}"
EndProject
Project("{9A19103F-16F7-4668-BE54-9A1E7A4F7556}") = "Catalog.Application", "Catalog.Application\Catalog.Application.csproj", "{A16AB501-9E41-45C1-9885-627146869EC5}"
EndProject
Project("{2150E333-8FDC-42A3-9474-1A3956D46DE8}") = "Solution Items", "Solution Items", "{585FF2A0-5C92-4591-99BC-481DE2769A78}"
	ProjectSection(SolutionItems) = preProject
		azure-pipelines-destroy.yml = azure-pipelines-destroy.yml
		azure-pipelines.yml = azure-pipelines.yml
	EndProjectSection
EndProject
Global
	GlobalSection(SolutionConfigurationPlatforms) = preSolution
		Debug|Any CPU = Debug|Any CPU
		Release|Any CPU = Release|Any CPU
	EndGlobalSection
	GlobalSection(ProjectConfigurationPlatforms) = postSolution
		{45A9501A-D227-4E03-B888-A57A86DD63BE}.Debug|Any CPU.ActiveCfg = Debug|Any CPU
		{45A9501A-D227-4E03-B888-A57A86DD63BE}.Debug|Any CPU.Build.0 = Debug|Any CPU
		{45A9501A-D227-4E03-B888-A57A86DD63BE}.Release|Any CPU.ActiveCfg = Release|Any CPU
		{45A9501A-D227-4E03-B888-A57A86DD63BE}.Release|Any CPU.Build.0 = Release|Any CPU
		{F55E1E88-429A-4A34-9D5C-861B58537BDB}.Debug|Any CPU.ActiveCfg = Debug|Any CPU
		{F55E1E88-429A-4A34-9D5C-861B58537BDB}.Debug|Any CPU.Build.0 = Debug|Any CPU
		{F55E1E88-429A-4A34-9D5C-861B58537BDB}.Release|Any CPU.ActiveCfg = Release|Any CPU
		{F55E1E88-429A-4A34-9D5C-861B58537BDB}.Release|Any CPU.Build.0 = Release|Any CPU
		{714AE22F-1FC8-421E-B6A3-387F5AA39FEC}.Debug|Any CPU.ActiveCfg = Debug|Any CPU
		{714AE22F-1FC8-421E-B6A3-387F5AA39FEC}.Debug|Any CPU.Build.0 = Debug|Any CPU
		{714AE22F-1FC8-421E-B6A3-387F5AA39FEC}.Release|Any CPU.ActiveCfg = Release|Any CPU
		{714AE22F-1FC8-421E-B6A3-387F5AA39FEC}.Release|Any CPU.Build.0 = Release|Any CPU
		{A16AB501-9E41-45C1-9885-627146869EC5}.Debug|Any CPU.ActiveCfg = Debug|Any CPU
		{A16AB501-9E41-45C1-9885-627146869EC5}.Debug|Any CPU.Build.0 = Debug|Any CPU
		{A16AB501-9E41-45C1-9885-627146869EC5}.Release|Any CPU.ActiveCfg = Release|Any CPU
		{A16AB501-9E41-45C1-9885-627146869EC5}.Release|Any CPU.Build.0 = Release|Any CPU
	EndGlobalSection
	GlobalSection(SolutionProperties) = preSolution
		HideSolutionNode = FALSE
	EndGlobalSection
	GlobalSection(ExtensibilityGlobals) = postSolution
		SolutionGuid = {14412539-6D5C-4748-9B21-269F2F70556C}
	EndGlobalSection
EndGlobal
